
Microsoft Visual Studio Solution File, Format Version 12.00
# Visual Studio Version 17
VisualStudioVersion = 17.0.31903.59
MinimumVisualStudioVersion = 10.0.40219.1
Project("{FAE04EC0-301F-11D3-BF4B-00C04F79EFBC}") = "TelemetryData.Tests", "TelemetryData.Tests\TelemetryData.Tests.csproj", "{928318A7-8D49-42E9-BF53-B3B066568D0A}"
	ProjectSection(ProjectDependencies) = postProject
		{3046111B-8C8A-42D2-8E93-2F27DED2E0D1} = {3046111B-8C8A-42D2-8E93-2F27DED2E0D1}
	EndProjectSection
EndProject
Project("{FAE04EC0-301F-11D3-BF4B-00C04F79EFBC}") = "TelemetryData.Api", "TelemetryData.Api\TelemetryData.Api.csproj", "{3046111B-8C8A-42D2-8E93-2F27DED2E0D1}"
	ProjectSection(ProjectDependencies) = postProject
		{738FC4DF-3FFA-46B9-9186-68996E8971CF} = {738FC4DF-3FFA-46B9-9186-68996E8971CF}
	EndProjectSection
EndProject
Project("{FAE04EC0-301F-11D3-BF4B-00C04F79EFBC}") = "TelemetryData.Domain", "TelemetryData.Domain\TelemetryData.Domain.csproj", "{738FC4DF-3FFA-46B9-9186-68996E8971CF}"
EndProject
Project("{FAE04EC0-301F-11D3-BF4B-00C04F79EFBC}") = "TelemetryData.Infrastructure", "TelemetryData.Infrastructure\TelemetryData.Infrastructure.csproj", "{9B411FF3-B838-44F0-8709-235863C769C6}"
EndProject
Project("{FAE04EC0-301F-11D3-BF4B-00C04F79EFBC}") = "TelemetryData.GrpcService", "TelemetryData.GrpcService\TelemetryData.GrpcService.csproj", "{A299F9E6-A815-4156-AB23-17851D40455C}"
EndProject
Project("{2150E333-8FDC-42A3-9474-1A3956D46DE8}") = "Solution Items", "Solution Items", "{8EC462FD-D22E-90A8-E5CE-7E832BA40C5D}"
	ProjectSection(SolutionItems) = preProject
		docker-compose.yml = docker-compose.yml
	EndProjectSection
EndProject
Global
	GlobalSection(SolutionConfigurationPlatforms) = preSolution
		Debug|Any CPU = Debug|Any CPU
		Debug|x64 = Debug|x64
		Debug|x86 = Debug|x86
		Release|Any CPU = Release|Any CPU
		Release|x64 = Release|x64
		Release|x86 = Release|x86
	EndGlobalSection
	GlobalSection(ProjectConfigurationPlatforms) = postSolution
		{928318A7-8D49-42E9-BF53-B3B066568D0A}.Debug|Any CPU.ActiveCfg = Debug|Any CPU
		{928318A7-8D49-42E9-BF53-B3B066568D0A}.Debug|Any CPU.Build.0 = Debug|Any CPU
		{928318A7-8D49-42E9-BF53-B3B066568D0A}.Debug|x64.ActiveCfg = Debug|Any CPU
		{928318A7-8D49-42E9-BF53-B3B066568D0A}.Debug|x64.Build.0 = Debug|Any CPU
		{928318A7-8D49-42E9-BF53-B3B066568D0A}.Debug|x86.ActiveCfg = Debug|Any CPU
		{928318A7-8D49-42E9-BF53-B3B066568D0A}.Debug|x86.Build.0 = Debug|Any CPU
		{928318A7-8D49-42E9-BF53-B3B066568D0A}.Release|Any CPU.ActiveCfg = Release|Any CPU
		{928318A7-8D49-42E9-BF53-B3B066568D0A}.Release|Any CPU.Build.0 = Release|Any CPU
		{928318A7-8D49-42E9-BF53-B3B066568D0A}.Release|x64.ActiveCfg = Release|Any CPU
		{928318A7-8D49-42E9-BF53-B3B066568D0A}.Release|x64.Build.0 = Release|Any CPU
		{928318A7-8D49-42E9-BF53-B3B066568D0A}.Release|x86.ActiveCfg = Release|Any CPU
		{928318A7-8D49-42E9-BF53-B3B066568D0A}.Release|x86.Build.0 = Release|Any CPU
		{3046111B-8C8A-42D2-8E93-2F27DED2E0D1}.Debug|Any CPU.ActiveCfg = Debug|Any CPU
		{3046111B-8C8A-42D2-8E93-2F27DED2E0D1}.Debug|Any CPU.Build.0 = Debug|Any CPU
		{3046111B-8C8A-42D2-8E93-2F27DED2E0D1}.Debug|x64.ActiveCfg = Debug|Any CPU
		{3046111B-8C8A-42D2-8E93-2F27DED2E0D1}.Debug|x64.Build.0 = Debug|Any CPU
		{3046111B-8C8A-42D2-8E93-2F27DED2E0D1}.Debug|x86.ActiveCfg = Debug|Any CPU
		{3046111B-8C8A-42D2-8E93-2F27DED2E0D1}.Debug|x86.Build.0 = Debug|Any CPU
		{3046111B-8C8A-42D2-8E93-2F27DED2E0D1}.Release|Any CPU.ActiveCfg = Release|Any CPU
		{3046111B-8C8A-42D2-8E93-2F27DED2E0D1}.Release|Any CPU.Build.0 = Release|Any CPU
		{3046111B-8C8A-42D2-8E93-2F27DED2E0D1}.Release|x64.ActiveCfg = Release|Any CPU
		{3046111B-8C8A-42D2-8E93-2F27DED2E0D1}.Release|x64.Build.0 = Release|Any CPU
		{3046111B-8C8A-42D2-8E93-2F27DED2E0D1}.Release|x86.ActiveCfg = Release|Any CPU
		{3046111B-8C8A-42D2-8E93-2F27DED2E0D1}.Release|x86.Build.0 = Release|Any CPU
		{738FC4DF-3FFA-46B9-9186-68996E8971CF}.Debug|Any CPU.ActiveCfg = Debug|Any CPU
		{738FC4DF-3FFA-46B9-9186-68996E8971CF}.Debug|Any CPU.Build.0 = Debug|Any CPU
		{738FC4DF-3FFA-46B9-9186-68996E8971CF}.Debug|x64.ActiveCfg = Debug|Any CPU
		{738FC4DF-3FFA-46B9-9186-68996E8971CF}.Debug|x64.Build.0 = Debug|Any CPU
		{738FC4DF-3FFA-46B9-9186-68996E8971CF}.Debug|x86.ActiveCfg = Debug|Any CPU
		{738FC4DF-3FFA-46B9-9186-68996E8971CF}.Debug|x86.Build.0 = Debug|Any CPU
		{738FC4DF-3FFA-46B9-9186-68996E8971CF}.Release|Any CPU.ActiveCfg = Release|Any CPU
		{738FC4DF-3FFA-46B9-9186-68996E8971CF}.Release|Any CPU.Build.0 = Release|Any CPU
		{738FC4DF-3FFA-46B9-9186-68996E8971CF}.Release|x64.ActiveCfg = Release|Any CPU
		{738FC4DF-3FFA-46B9-9186-68996E8971CF}.Release|x64.Build.0 = Release|Any CPU
		{738FC4DF-3FFA-46B9-9186-68996E8971CF}.Release|x86.ActiveCfg = Release|Any CPU
		{738FC4DF-3FFA-46B9-9186-68996E8971CF}.Release|x86.Build.0 = Release|Any CPU
		{9B411FF3-B838-44F0-8709-235863C769C6}.Debug|Any CPU.ActiveCfg = Debug|Any CPU
		{9B411FF3-B838-44F0-8709-235863C769C6}.Debug|Any CPU.Build.0 = Debug|Any CPU
		{9B411FF3-B838-44F0-8709-235863C769C6}.Debug|x64.ActiveCfg = Debug|Any CPU
		{9B411FF3-B838-44F0-8709-235863C769C6}.Debug|x64.Build.0 = Debug|Any CPU
		{9B411FF3-B838-44F0-8709-235863C769C6}.Debug|x86.ActiveCfg = Debug|Any CPU
		{9B411FF3-B838-44F0-8709-235863C769C6}.Debug|x86.Build.0 = Debug|Any CPU
		{9B411FF3-B838-44F0-8709-235863C769C6}.Release|Any CPU.ActiveCfg = Release|Any CPU
		{9B411FF3-B838-44F0-8709-235863C769C6}.Release|Any CPU.Build.0 = Release|Any CPU
		{9B411FF3-B838-44F0-8709-235863C769C6}.Release|x64.ActiveCfg = Release|Any CPU
		{9B411FF3-B838-44F0-8709-235863C769C6}.Release|x64.Build.0 = Release|Any CPU
		{9B411FF3-B838-44F0-8709-235863C769C6}.Release|x86.ActiveCfg = Release|Any CPU
		{9B411FF3-B838-44F0-8709-235863C769C6}.Release|x86.Build.0 = Release|Any CPU
		{A299F9E6-A815-4156-AB23-17851D40455C}.Debug|Any CPU.ActiveCfg = Debug|Any CPU
		{A299F9E6-A815-4156-AB23-17851D40455C}.Debug|Any CPU.Build.0 = Debug|Any CPU
		{A299F9E6-A815-4156-AB23-17851D40455C}.Debug|x64.ActiveCfg = Debug|Any CPU
		{A299F9E6-A815-4156-AB23-17851D40455C}.Debug|x64.Build.0 = Debug|Any CPU
		{A299F9E6-A815-4156-AB23-17851D40455C}.Debug|x86.ActiveCfg = Debug|Any CPU
		{A299F9E6-A815-4156-AB23-17851D40455C}.Debug|x86.Build.0 = Debug|Any CPU
		{A299F9E6-A815-4156-AB23-17851D40455C}.Release|Any CPU.ActiveCfg = Release|Any CPU
		{A299F9E6-A815-4156-AB23-17851D40455C}.Release|Any CPU.Build.0 = Release|Any CPU
		{A299F9E6-A815-4156-AB23-17851D40455C}.Release|x64.ActiveCfg = Release|Any CPU
		{A299F9E6-A815-4156-AB23-17851D40455C}.Release|x64.Build.0 = Release|Any CPU
		{A299F9E6-A815-4156-AB23-17851D40455C}.Release|x86.ActiveCfg = Release|Any CPU
		{A299F9E6-A815-4156-AB23-17851D40455C}.Release|x86.Build.0 = Release|Any CPU
	EndGlobalSection
	GlobalSection(SolutionProperties) = preSolution
		HideSolutionNode = FALSE
	EndGlobalSection
	GlobalSection(ExtensibilityGlobals) = postSolution
		SolutionGuid = {5DA4FBF9-9097-4225-B0E0-AFBF50BBF3F6}
	EndGlobalSection
EndGlobal
